// !$*UTF8*$!
{
	archiveVersion = 1;
	classes = {
	};
	objectVersion = 50;
	objects = {

/* Begin PBXBuildFile section */
		520E98D220DA269A00FE72C3 /* AppDelegate.swift in Sources */ = {isa = PBXBuildFile; fileRef = 520E98D120DA269A00FE72C3 /* AppDelegate.swift */; };
		520E98D420DA269A00FE72C3 /* ViewController.swift in Sources */ = {isa = PBXBuildFile; fileRef = 520E98D320DA269A00FE72C3 /* ViewController.swift */; };
		520E98D720DA269A00FE72C3 /* Main.storyboard in Resources */ = {isa = PBXBuildFile; fileRef = 520E98D520DA269A00FE72C3 /* Main.storyboard */; };
		520E98D920DA269D00FE72C3 /* Assets.xcassets in Resources */ = {isa = PBXBuildFile; fileRef = 520E98D820DA269D00FE72C3 /* Assets.xcassets */; };
		520E98DC20DA269D00FE72C3 /* LaunchScreen.storyboard in Resources */ = {isa = PBXBuildFile; fileRef = 520E98DA20DA269D00FE72C3 /* LaunchScreen.storyboard */; };
		520E98E720DA269E00FE72C3 /* WebViewAppTests.swift in Sources */ = {isa = PBXBuildFile; fileRef = 520E98E620DA269E00FE72C3 /* WebViewAppTests.swift */; };
		520E98F220DA269E00FE72C3 /* WebViewAppUITests.swift in Sources */ = {isa = PBXBuildFile; fileRef = 520E98F120DA269E00FE72C3 /* WebViewAppUITests.swift */; };
/* End PBXBuildFile section */

/* Begin PBXContainerItemProxy section */
		520E98E320DA269E00FE72C3 /* PBXContainerItemProxy */ = {
			isa = PBXContainerItemProxy;
			containerPortal = 520E98C620DA269A00FE72C3 /* Project object */;
			proxyType = 1;
			remoteGlobalIDString = 520E98CD20DA269A00FE72C3;
			remoteInfo = WebViewApp;
		};
		520E98EE20DA269E00FE72C3 /* PBXContainerItemProxy */ = {
			isa = PBXContainerItemProxy;
			containerPortal = 520E98C620DA269A00FE72C3 /* Project object */;
			proxyType = 1;
			remoteGlobalIDString = 520E98CD20DA269A00FE72C3;
			remoteInfo = WebViewApp;
		};
/* End PBXContainerItemProxy section */

/* Begin PBXFileReference section */
		520E98CE20DA269A00FE72C3 /* WebViewApp.app */ = {isa = PBXFileReference; explicitFileType = wrapper.application; includeInIndex = 0; path = WebViewApp.app; sourceTree = BUILT_PRODUCTS_DIR; };
		520E98D120DA269A00FE72C3 /* AppDelegate.swift */ = {isa = PBXFileReference; lastKnownFileType = sourcecode.swift; path = AppDelegate.swift; sourceTree = "<group>"; };
		520E98D320DA269A00FE72C3 /* ViewController.swift */ = {isa = PBXFileReference; lastKnownFileType = sourcecode.swift; path = ViewController.swift; sourceTree = "<group>"; };
		520E98D620DA269A00FE72C3 /* Base */ = {isa = PBXFileReference; lastKnownFileType = file.storyboard; name = Base; path = Base.lproj/Main.storyboard; sourceTree = "<group>"; };
		520E98D820DA269D00FE72C3 /* Assets.xcassets */ = {isa = PBXFileReference; lastKnownFileType = folder.assetcatalog; path = Assets.xcassets; sourceTree = "<group>"; };
		520E98DB20DA269D00FE72C3 /* Base */ = {isa = PBXFileReference; lastKnownFileType = file.storyboard; name = Base; path = Base.lproj/LaunchScreen.storyboard; sourceTree = "<group>"; };
		520E98DD20DA269D00FE72C3 /* Info.plist */ = {isa = PBXFileReference; lastKnownFileType = text.plist.xml; path = Info.plist; sourceTree = "<group>"; };
		520E98E220DA269E00FE72C3 /* WebViewAppTests.xctest */ = {isa = PBXFileReference; explicitFileType = wrapper.cfbundle; includeInIndex = 0; path = WebViewAppTests.xctest; sourceTree = BUILT_PRODUCTS_DIR; };
		520E98E620DA269E00FE72C3 /* WebViewAppTests.swift */ = {isa = PBXFileReference; lastKnownFileType = sourcecode.swift; path = WebViewAppTests.swift; sourceTree = "<group>"; };
		520E98E820DA269E00FE72C3 /* Info.plist */ = {isa = PBXFileReference; lastKnownFileType = text.plist.xml; path = Info.plist; sourceTree = "<group>"; };
		520E98ED20DA269E00FE72C3 /* WebViewAppUITests.xctest */ = {isa = PBXFileReference; explicitFileType = wrapper.cfbundle; includeInIndex = 0; path = WebViewAppUITests.xctest; sourceTree = BUILT_PRODUCTS_DIR; };
		520E98F120DA269E00FE72C3 /* WebViewAppUITests.swift */ = {isa = PBXFileReference; lastKnownFileType = sourcecode.swift; path = WebViewAppUITests.swift; sourceTree = "<group>"; };
		520E98F320DA269E00FE72C3 /* Info.plist */ = {isa = PBXFileReference; lastKnownFileType = text.plist.xml; path = Info.plist; sourceTree = "<group>"; };
/* End PBXFileReference section */

/* Begin PBXFrameworksBuildPhase section */
		520E98CB20DA269A00FE72C3 /* Frameworks */ = {
			isa = PBXFrameworksBuildPhase;
			buildActionMask = 2147483647;
			files = (
			);
			runOnlyForDeploymentPostprocessing = 0;
		};
		520E98DF20DA269E00FE72C3 /* Frameworks */ = {
			isa = PBXFrameworksBuildPhase;
			buildActionMask = 2147483647;
			files = (
			);
			runOnlyForDeploymentPostprocessing = 0;
		};
		520E98EA20DA269E00FE72C3 /* Frameworks */ = {
			isa = PBXFrameworksBuildPhase;
			buildActionMask = 2147483647;
			files = (
			);
			runOnlyForDeploymentPostprocessing = 0;
		};
/* End PBXFrameworksBuildPhase section */

/* Begin PBXGroup section */
		520E98C520DA269A00FE72C3 = {
			isa = PBXGroup;
			children = (
				520E98D020DA269A00FE72C3 /* WebViewApp */,
				520E98E520DA269E00FE72C3 /* WebViewAppTests */,
				520E98F020DA269E00FE72C3 /* WebViewAppUITests */,
				520E98CF20DA269A00FE72C3 /* Products */,
			);
			sourceTree = "<group>";
		};
		520E98CF20DA269A00FE72C3 /* Products */ = {
			isa = PBXGroup;
			children = (
				520E98CE20DA269A00FE72C3 /* WebViewApp.app */,
				520E98E220DA269E00FE72C3 /* WebViewAppTests.xctest */,
				520E98ED20DA269E00FE72C3 /* WebViewAppUITests.xctest */,
			);
			name = Products;
			sourceTree = "<group>";
		};
		520E98D020DA269A00FE72C3 /* WebViewApp */ = {
			isa = PBXGroup;
			children = (
				520E98D120DA269A00FE72C3 /* AppDelegate.swift */,
				520E98D320DA269A00FE72C3 /* ViewController.swift */,
				520E98D520DA269A00FE72C3 /* Main.storyboard */,
				520E98D820DA269D00FE72C3 /* Assets.xcassets */,
				520E98DA20DA269D00FE72C3 /* LaunchScreen.storyboard */,
				520E98DD20DA269D00FE72C3 /* Info.plist */,
			);
			path = WebViewApp;
			sourceTree = "<group>";
		};
		520E98E520DA269E00FE72C3 /* WebViewAppTests */ = {
			isa = PBXGroup;
			children = (
				520E98E620DA269E00FE72C3 /* WebViewAppTests.swift */,
				520E98E820DA269E00FE72C3 /* Info.plist */,
			);
			path = WebViewAppTests;
			sourceTree = "<group>";
		};
		520E98F020DA269E00FE72C3 /* WebViewAppUITests */ = {
			isa = PBXGroup;
			children = (
				520E98F120DA269E00FE72C3 /* WebViewAppUITests.swift */,
				520E98F320DA269E00FE72C3 /* Info.plist */,
			);
			path = WebViewAppUITests;
			sourceTree = "<group>";
		};
/* End PBXGroup section */

/* Begin PBXNativeTarget section */
		520E98CD20DA269A00FE72C3 /* WebViewApp */ = {
			isa = PBXNativeTarget;
			buildConfigurationList = 520E98F620DA269E00FE72C3 /* Build configuration list for PBXNativeTarget "WebViewApp" */;
			buildPhases = (
				520E98CA20DA269A00FE72C3 /* Sources */,
				520E98CB20DA269A00FE72C3 /* Frameworks */,
				520E98CC20DA269A00FE72C3 /* Resources */,
			);
			buildRules = (
			);
			dependencies = (
			);
			name = WebViewApp;
			productName = WebViewApp;
			productReference = 520E98CE20DA269A00FE72C3 /* WebViewApp.app */;
			productType = "com.apple.product-type.application";
		};
		520E98E120DA269E00FE72C3 /* WebViewAppTests */ = {
			isa = PBXNativeTarget;
			buildConfigurationList = 520E98F920DA269E00FE72C3 /* Build configuration list for PBXNativeTarget "WebViewAppTests" */;
			buildPhases = (
				520E98DE20DA269E00FE72C3 /* Sources */,
				520E98DF20DA269E00FE72C3 /* Frameworks */,
				520E98E020DA269E00FE72C3 /* Resources */,
			);
			buildRules = (
			);
			dependencies = (
				520E98E420DA269E00FE72C3 /* PBXTargetDependency */,
			);
			name = WebViewAppTests;
			productName = WebViewAppTests;
			productReference = 520E98E220DA269E00FE72C3 /* WebViewAppTests.xctest */;
			productType = "com.apple.product-type.bundle.unit-test";
		};
		520E98EC20DA269E00FE72C3 /* WebViewAppUITests */ = {
			isa = PBXNativeTarget;
			buildConfigurationList = 520E98FC20DA269E00FE72C3 /* Build configuration list for PBXNativeTarget "WebViewAppUITests" */;
			buildPhases = (
				520E98E920DA269E00FE72C3 /* Sources */,
				520E98EA20DA269E00FE72C3 /* Frameworks */,
				520E98EB20DA269E00FE72C3 /* Resources */,
			);
			buildRules = (
			);
			dependencies = (
				520E98EF20DA269E00FE72C3 /* PBXTargetDependency */,
			);
			name = WebViewAppUITests;
			productName = WebViewAppUITests;
			productReference = 520E98ED20DA269E00FE72C3 /* WebViewAppUITests.xctest */;
			productType = "com.apple.product-type.bundle.ui-testing";
		};
/* End PBXNativeTarget section */

/* Begin PBXProject section */
		520E98C620DA269A00FE72C3 /* Project object */ = {
			isa = PBXProject;
			attributes = {
				LastSwiftUpdateCheck = 1000;
				LastUpgradeCheck = 1000;
				ORGANIZATIONNAME = "真武　信和";
				TargetAttributes = {
					520E98CD20DA269A00FE72C3 = {
						CreatedOnToolsVersion = 10.0;
					};
					520E98E120DA269E00FE72C3 = {
						CreatedOnToolsVersion = 10.0;
						TestTargetID = 520E98CD20DA269A00FE72C3;
					};
					520E98EC20DA269E00FE72C3 = {
						CreatedOnToolsVersion = 10.0;
						TestTargetID = 520E98CD20DA269A00FE72C3;
					};
				};
			};
			buildConfigurationList = 520E98C920DA269A00FE72C3 /* Build configuration list for PBXProject "WebViewApp" */;
			compatibilityVersion = "Xcode 9.3";
			developmentRegion = en;
			hasScannedForEncodings = 0;
			knownRegions = (
				en,
				Base,
			);
			mainGroup = 520E98C520DA269A00FE72C3;
			productRefGroup = 520E98CF20DA269A00FE72C3 /* Products */;
			projectDirPath = "";
			projectRoot = "";
			targets = (
				520E98CD20DA269A00FE72C3 /* WebViewApp */,
				520E98E120DA269E00FE72C3 /* WebViewAppTests */,
				520E98EC20DA269E00FE72C3 /* WebViewAppUITests */,
			);
		};
/* End PBXProject section */

/* Begin PBXResourcesBuildPhase section */
		520E98CC20DA269A00FE72C3 /* Resources */ = {
			isa = PBXResourcesBuildPhase;
			buildActionMask = 2147483647;
			files = (
				520E98DC20DA269D00FE72C3 /* LaunchScreen.storyboard in Resources */,
				520E98D920DA269D00FE72C3 /* Assets.xcassets in Resources */,
				520E98D720DA269A00FE72C3 /* Main.storyboard in Resources */,
			);
			runOnlyForDeploymentPostprocessing = 0;
		};
		520E98E020DA269E00FE72C3 /* Resources */ = {
			isa = PBXResourcesBuildPhase;
			buildActionMask = 2147483647;
			files = (
			);
			runOnlyForDeploymentPostprocessing = 0;
		};
		520E98EB20DA269E00FE72C3 /* Resources */ = {
			isa = PBXResourcesBuildPhase;
			buildActionMask = 2147483647;
			files = (
			);
			runOnlyForDeploymentPostprocessing = 0;
		};
/* End PBXResourcesBuildPhase section */

/* Begin PBXSourcesBuildPhase section */
		520E98CA20DA269A00FE72C3 /* Sources */ = {
			isa = PBXSourcesBuildPhase;
			buildActionMask = 2147483647;
			files = (
				520E98D420DA269A00FE72C3 /* ViewController.swift in Sources */,
				520E98D220DA269A00FE72C3 /* AppDelegate.swift in Sources */,
			);
			runOnlyForDeploymentPostprocessing = 0;
		};
		520E98DE20DA269E00FE72C3 /* Sources */ = {
			isa = PBXSourcesBuildPhase;
			buildActionMask = 2147483647;
			files = (
				520E98E720DA269E00FE72C3 /* WebViewAppTests.swift in Sources */,
			);
			runOnlyForDeploymentPostprocessing = 0;
		};
		520E98E920DA269E00FE72C3 /* Sources */ = {
			isa = PBXSourcesBuildPhase;
			buildActionMask = 2147483647;
			files = (
				520E98F220DA269E00FE72C3 /* WebViewAppUITests.swift in Sources */,
			);
			runOnlyForDeploymentPostprocessing = 0;
		};
/* End PBXSourcesBuildPhase section */

/* Begin PBXTargetDependency section */
		520E98E420DA269E00FE72C3 /* PBXTargetDependency */ = {
			isa = PBXTargetDependency;
			target = 520E98CD20DA269A00FE72C3 /* WebViewApp */;
			targetProxy = 520E98E320DA269E00FE72C3 /* PBXContainerItemProxy */;
		};
		520E98EF20DA269E00FE72C3 /* PBXTargetDependency */ = {
			isa = PBXTargetDependency;
			target = 520E98CD20DA269A00FE72C3 /* WebViewApp */;
			targetProxy = 520E98EE20DA269E00FE72C3 /* PBXContainerItemProxy */;
		};
/* End PBXTargetDependency section */

/* Begin PBXVariantGroup section */
		520E98D520DA269A00FE72C3 /* Main.storyboard */ = {
			isa = PBXVariantGroup;
			children = (
				520E98D620DA269A00FE72C3 /* Base */,
			);
			name = Main.storyboard;
			sourceTree = "<group>";
		};
		520E98DA20DA269D00FE72C3 /* LaunchScreen.storyboard */ = {
			isa = PBXVariantGroup;
			children = (
				520E98DB20DA269D00FE72C3 /* Base */,
			);
			name = LaunchScreen.storyboard;
			sourceTree = "<group>";
		};
/* End PBXVariantGroup section */

/* Begin XCBuildConfiguration section */
		520E98F420DA269E00FE72C3 /* Debug */ = {
			isa = XCBuildConfiguration;
			buildSettings = {
				ALWAYS_SEARCH_USER_PATHS = NO;
				CLANG_ANALYZER_NONNULL = YES;
				CLANG_ANALYZER_NUMBER_OBJECT_CONVERSION = YES_AGGRESSIVE;
				CLANG_CXX_LANGUAGE_STANDARD = "gnu++14";
				CLANG_CXX_LIBRARY = "libc++";
				CLANG_ENABLE_MODULES = YES;
				CLANG_ENABLE_OBJC_ARC = YES;
				CLANG_ENABLE_OBJC_WEAK = YES;
				CLANG_WARN_BLOCK_CAPTURE_AUTORELEASING = YES;
				CLANG_WARN_BOOL_CONVERSION = YES;
				CLANG_WARN_COMMA = YES;
				CLANG_WARN_CONSTANT_CONVERSION = YES;
				CLANG_WARN_DEPRECATED_OBJC_IMPLEMENTATIONS = YES;
				CLANG_WARN_DIRECT_OBJC_ISA_USAGE = YES_ERROR;
				CLANG_WARN_DOCUMENTATION_COMMENTS = YES;
				CLANG_WARN_EMPTY_BODY = YES;
				CLANG_WARN_ENUM_CONVERSION = YES;
				CLANG_WARN_INFINITE_RECURSION = YES;
				CLANG_WARN_INT_CONVERSION = YES;
				CLANG_WARN_NON_LITERAL_NULL_CONVERSION = YES;
				CLANG_WARN_OBJC_IMPLICIT_RETAIN_SELF = YES;
				CLANG_WARN_OBJC_LITERAL_CONVERSION = YES;
				CLANG_WARN_OBJC_ROOT_CLASS = YES_ERROR;
				CLANG_WARN_RANGE_LOOP_ANALYSIS = YES;
				CLANG_WARN_STRICT_PROTOTYPES = YES;
				CLANG_WARN_SUSPICIOUS_MOVE = YES;
				CLANG_WARN_UNGUARDED_AVAILABILITY = YES_AGGRESSIVE;
				CLANG_WARN_UNREACHABLE_CODE = YES;
				CLANG_WARN__DUPLICATE_METHOD_MATCH = YES;
				CODE_SIGN_IDENTITY = "iPhone Developer";
				COPY_PHASE_STRIP = NO;
				DEBUG_INFORMATION_FORMAT = dwarf;
				ENABLE_STRICT_OBJC_MSGSEND = YES;
				ENABLE_TESTABILITY = YES;
				GCC_C_LANGUAGE_STANDARD = gnu11;
				GCC_DYNAMIC_NO_PIC = NO;
				GCC_NO_COMMON_BLOCKS = YES;
				GCC_OPTIMIZATION_LEVEL = 0;
				GCC_PREPROCESSOR_DEFINITIONS = (
					"DEBUG=1",
					"$(inherited)",
				);
				GCC_WARN_64_TO_32_BIT_CONVERSION = YES;
				GCC_WARN_ABOUT_RETURN_TYPE = YES_ERROR;
				GCC_WARN_UNDECLARED_SELECTOR = YES;
				GCC_WARN_UNINITIALIZED_AUTOS = YES_AGGRESSIVE;
				GCC_WARN_UNUSED_FUNCTION = YES;
				GCC_WARN_UNUSED_VARIABLE = YES;
				IPHONEOS_DEPLOYMENT_TARGET = 12.0;
				MTL_ENABLE_DEBUG_INFO = INCLUDE_SOURCE;
				ONLY_ACTIVE_ARCH = YES;
				SDKROOT = iphoneos;
				SWIFT_ACTIVE_COMPILATION_CONDITIONS = DEBUG;
				SWIFT_OPTIMIZATION_LEVEL = "-Onone";
			};
			name = Debug;
		};
		520E98F520DA269E00FE72C3 /* Release */ = {
			isa = XCBuildConfiguration;
			buildSettings = {
				ALWAYS_SEARCH_USER_PATHS = NO;
				CLANG_ANALYZER_NONNULL = YES;
				CLANG_ANALYZER_NUMBER_OBJECT_CONVERSION = YES_AGGRESSIVE;
				CLANG_CXX_LANGUAGE_STANDARD = "gnu++14";
				CLANG_CXX_LIBRARY = "libc++";
				CLANG_ENABLE_MODULES = YES;
				CLANG_ENABLE_OBJC_ARC = YES;
				CLANG_ENABLE_OBJC_WEAK = YES;
				CLANG_WARN_BLOCK_CAPTURE_AUTORELEASING = YES;
				CLANG_WARN_BOOL_CONVERSION = YES;
				CLANG_WARN_COMMA = YES;
				CLANG_WARN_CONSTANT_CONVERSION = YES;
				CLANG_WARN_DEPRECATED_OBJC_IMPLEMENTATIONS = YES;
				CLANG_WARN_DIRECT_OBJC_ISA_USAGE = YES_ERROR;
				CLANG_WARN_DOCUMENTATION_COMMENTS = YES;
				CLANG_WARN_EMPTY_BODY = YES;
				CLANG_WARN_ENUM_CONVERSION = YES;
				CLANG_WARN_INFINITE_RECURSION = YES;
				CLANG_WARN_INT_CONVERSION = YES;
				CLANG_WARN_NON_LITERAL_NULL_CONVERSION = YES;
				CLANG_WARN_OBJC_IMPLICIT_RETAIN_SELF = YES;
				CLANG_WARN_OBJC_LITERAL_CONVERSION = YES;
				CLANG_WARN_OBJC_ROOT_CLASS = YES_ERROR;
				CLANG_WARN_RANGE_LOOP_ANALYSIS = YES;
				CLANG_WARN_STRICT_PROTOTYPES = YES;
				CLANG_WARN_SUSPICIOUS_MOVE = YES;
				CLANG_WARN_UNGUARDED_AVAILABILITY = YES_AGGRESSIVE;
				CLANG_WARN_UNREACHABLE_CODE = YES;
				CLANG_WARN__DUPLICATE_METHOD_MATCH = YES;
				CODE_SIGN_IDENTITY = "iPhone Developer";
				COPY_PHASE_STRIP = NO;
				DEBUG_INFORMATION_FORMAT = "dwarf-with-dsym";
				ENABLE_NS_ASSERTIONS = NO;
				ENABLE_STRICT_OBJC_MSGSEND = YES;
				GCC_C_LANGUAGE_STANDARD = gnu11;
				GCC_NO_COMMON_BLOCKS = YES;
				GCC_WARN_64_TO_32_BIT_CONVERSION = YES;
				GCC_WARN_ABOUT_RETURN_TYPE = YES_ERROR;
				GCC_WARN_UNDECLARED_SELECTOR = YES;
				GCC_WARN_UNINITIALIZED_AUTOS = YES_AGGRESSIVE;
				GCC_WARN_UNUSED_FUNCTION = YES;
				GCC_WARN_UNUSED_VARIABLE = YES;
				IPHONEOS_DEPLOYMENT_TARGET = 12.0;
				MTL_ENABLE_DEBUG_INFO = NO;
				SDKROOT = iphoneos;
				SWIFT_COMPILATION_MODE = wholemodule;
				SWIFT_OPTIMIZATION_LEVEL = "-O";
				VALIDATE_PRODUCT = YES;
			};
			name = Release;
		};
		520E98F720DA269E00FE72C3 /* Debug */ = {
			isa = XCBuildConfiguration;
			buildSettings = {
				ASSETCATALOG_COMPILER_APPICON_NAME = AppIcon;
				CODE_SIGN_STYLE = Automatic;
				DEVELOPMENT_TEAM = 463B78H73M;
				INFOPLIST_FILE = WebViewApp/Info.plist;
				LD_RUNPATH_SEARCH_PATHS = (
					"$(inherited)",
					"@executable_path/Frameworks",
				);
				PRODUCT_BUNDLE_IDENTIFIER = jp.matake.WebViewApp;
				PRODUCT_NAME = "$(TARGET_NAME)";
				SWIFT_VERSION = 4.2;
				TARGETED_DEVICE_FAMILY = "1,2";
			};
			name = Debug;
		};
		520E98F820DA269E00FE72C3 /* Release */ = {
			isa = XCBuildConfiguration;
			buildSettings = {
				ASSETCATALOG_COMPILER_APPICON_NAME = AppIcon;
				CODE_SIGN_STYLE = Automatic;
				DEVELOPMENT_TEAM = 463B78H73M;
				INFOPLIST_FILE = WebViewApp/Info.plist;
				LD_RUNPATH_SEARCH_PATHS = (
					"$(inherited)",
					"@executable_path/Frameworks",
				);
				PRODUCT_BUNDLE_IDENTIFIER = jp.matake.WebViewApp;
				PRODUCT_NAME = "$(TARGET_NAME)";
				SWIFT_VERSION = 4.2;
				TARGETED_DEVICE_FAMILY = "1,2";
			};
			name = Release;
		};
		520E98FA20DA269E00FE72C3 /* Debug */ = {
			isa = XCBuildConfiguration;
			buildSettings = {
				ALWAYS_EMBED_SWIFT_STANDARD_LIBRARIES = YES;
				BUNDLE_LOADER = "$(TEST_HOST)";
				CODE_SIGN_STYLE = Automatic;
				DEVELOPMENT_TEAM = 463B78H73M;
				INFOPLIST_FILE = WebViewAppTests/Info.plist;
				LD_RUNPATH_SEARCH_PATHS = (
					"$(inherited)",
					"@executable_path/Frameworks",
					"@loader_path/Frameworks",
				);
				PRODUCT_BUNDLE_IDENTIFIER = jp.matake.WebViewAppTests;
				PRODUCT_NAME = "$(TARGET_NAME)";
				SWIFT_VERSION = 4.2;
				TARGETED_DEVICE_FAMILY = "1,2";
				TEST_HOST = "$(BUILT_PRODUCTS_DIR)/WebViewApp.app/WebViewApp";
			};
			name = Debug;
		};
		520E98FB20DA269E00FE72C3 /* Release */ = {
			isa = XCBuildConfiguration;
			buildSettings = {
				ALWAYS_EMBED_SWIFT_STANDARD_LIBRARIES = YES;
				BUNDLE_LOADER = "$(TEST_HOST)";
				CODE_SIGN_STYLE = Automatic;
				DEVELOPMENT_TEAM = 463B78H73M;
				INFOPLIST_FILE = WebViewAppTests/Info.plist;
				LD_RUNPATH_SEARCH_PATHS = (
					"$(inherited)",
					"@executable_path/Frameworks",
					"@loader_path/Frameworks",
				);
				PRODUCT_BUNDLE_IDENTIFIER = jp.matake.WebViewAppTests;
				PRODUCT_NAME = "$(TARGET_NAME)";
				SWIFT_VERSION = 4.2;
				TARGETED_DEVICE_FAMILY = "1,2";
				TEST_HOST = "$(BUILT_PRODUCTS_DIR)/WebViewApp.app/WebViewApp";
			};
			name = Release;
		};
		520E98FD20DA269E00FE72C3 /* Debug */ = {
			isa = XCBuildConfiguration;
			buildSettings = {
				ALWAYS_EMBED_SWIFT_STANDARD_LIBRARIES = YES;
				CODE_SIGN_STYLE = Automatic;
				DEVELOPMENT_TEAM = 463B78H73M;
				INFOPLIST_FILE = WebViewAppUITests/Info.plist;
				LD_RUNPATH_SEARCH_PATHS = (
					"$(inherited)",
					"@executable_path/Frameworks",
					"@loader_path/Frameworks",
				);
				PRODUCT_BUNDLE_IDENTIFIER = jp.matake.WebViewAppUITests;
				PRODUCT_NAME = "$(TARGET_NAME)";
				SWIFT_VERSION = 4.2;
				TARGETED_DEVICE_FAMILY = "1,2";
				TEST_TARGET_NAME = WebViewApp;
			};
			name = Debug;
		};
		520E98FE20DA269E00FE72C3 /* Release */ = {
			isa = XCBuildConfiguration;
			buildSettings = {
				ALWAYS_EMBED_SWIFT_STANDARD_LIBRARIES = YES;
				CODE_SIGN_STYLE = Automatic;
				DEVELOPMENT_TEAM = 463B78H73M;
				INFOPLIST_FILE = WebViewAppUITests/Info.plist;
				LD_RUNPATH_SEARCH_PATHS = (
					"$(inherited)",
					"@executable_path/Frameworks",
					"@loader_path/Frameworks",
				);
				PRODUCT_BUNDLE_IDENTIFIER = jp.matake.WebViewAppUITests;
				PRODUCT_NAME = "$(TARGET_NAME)";
				SWIFT_VERSION = 4.2;
				TARGETED_DEVICE_FAMILY = "1,2";
				TEST_TARGET_NAME = WebViewApp;
			};
			name = Release;
		};
/* End XCBuildConfiguration section */

/* Begin XCConfigurationList section */
		520E98C920DA269A00FE72C3 /* Build configuration list for PBXProject "WebViewApp" */ = {
			isa = XCConfigurationList;
			buildConfigurations = (
				520E98F420DA269E00FE72C3 /* Debug */,
				520E98F520DA269E00FE72C3 /* Release */,
			);
			defaultConfigurationIsVisible = 0;
			defaultConfigurationName = Release;
		};
		520E98F620DA269E00FE72C3 /* Build configuration list for PBXNativeTarget "WebViewApp" */ = {
			isa = XCConfigurationList;
			buildConfigurations = (
				520E98F720DA269E00FE72C3 /* Debug */,
				520E98F820DA269E00FE72C3 /* Release */,
			);
			defaultConfigurationIsVisible = 0;
			defaultConfigurationName = Release;
		};
		520E98F920DA269E00FE72C3 /* Build configuration list for PBXNativeTarget "WebViewAppTests" */ = {
			isa = XCConfigurationList;
			buildConfigurations = (
				520E98FA20DA269E00FE72C3 /* Debug */,
				520E98FB20DA269E00FE72C3 /* Release */,
			);
			defaultConfigurationIsVisible = 0;
			defaultConfigurationName = Release;
		};
		520E98FC20DA269E00FE72C3 /* Build configuration list for PBXNativeTarget "WebViewAppUITests" */ = {
			isa = XCConfigurationList;
			buildConfigurations = (
				520E98FD20DA269E00FE72C3 /* Debug */,
				520E98FE20DA269E00FE72C3 /* Release */,
			);
			defaultConfigurationIsVisible = 0;
			defaultConfigurationName = Release;
		};
/* End XCConfigurationList section */
	};
	rootObject = 520E98C620DA269A00FE72C3 /* Project object */;
}
